
Microsoft Visual Studio Solution File, Format Version 12.00
# Visual Studio Version 17
VisualStudioVersion = 17.5.33627.172
MinimumVisualStudioVersion = 10.0.40219.1
Project("{8BC9CEB8-8B4A-11D0-8D11-00A0C91BC942}") = "ParadigmaOOP_2", "ParadigmaOOP_2\ParadigmaOOP_2.vcxproj", "{3DE4DC17-09CA-4D17-8F41-55208E1AF6D1}"
EndProject
Project("{8BC9CEB8-8B4A-11D0-8D11-00A0C91BC942}") = "solveMultiwaris", "solveMultiwaris\solveMultiwaris.vcxproj", "{0EEF08DC-C7FF-4E09-844A-2933D3704E13}"
EndProject
Project("{8BC9CEB8-8B4A-11D0-8D11-00A0C91BC942}") = "polymorphism", "polymorphism\polymorphism.vcxproj", "{22021456-7C58-4007-B755-AFBD7F1F0B83}"
EndProject
Project("{8BC9CEB8-8B4A-11D0-8D11-00A0C91BC942}") = "program noOverriding", "program noOverriding\program noOverriding.vcxproj", "{63FAD059-D0E7-4255-BE61-F25387B0D05B}"
EndProject
Project("{8BC9CEB8-8B4A-11D0-8D11-00A0C91BC942}") = "program noPewarisan", "program noPewarisan\program noPewarisan.vcxproj", "{867E80A5-7948-4689-851F-4F67DF6777E2}"
EndProject
Project("{8BC9CEB8-8B4A-11D0-8D11-00A0C91BC942}") = "Program enkapsulasi", "Program enkapsulasi\Program enkapsulasi.vcxproj", "{28ADCA69-C488-46C3-B419-B5AC65767507}"
EndProject
Project("{8BC9CEB8-8B4A-11D0-8D11-00A0C91BC942}") = "Abstraksi", "Abstraksi\Abstraksi.vcxproj", "{BAD94B16-1913-4388-909E-0D86B26E7F97}"
EndProject
Global
	GlobalSection(SolutionConfigurationPlatforms) = preSolution
		Debug|x64 = Debug|x64
		Debug|x86 = Debug|x86
		Release|x64 = Release|x64
		Release|x86 = Release|x86
	EndGlobalSection
	GlobalSection(ProjectConfigurationPlatforms) = postSolution
		{3DE4DC17-09CA-4D17-8F41-55208E1AF6D1}.Debug|x64.ActiveCfg = Debug|x64
		{3DE4DC17-09CA-4D17-8F41-55208E1AF6D1}.Debug|x64.Build.0 = Debug|x64
		{3DE4DC17-09CA-4D17-8F41-55208E1AF6D1}.Debug|x86.ActiveCfg = Debug|Win32
		{3DE4DC17-09CA-4D17-8F41-55208E1AF6D1}.Debug|x86.Build.0 = Debug|Win32
		{3DE4DC17-09CA-4D17-8F41-55208E1AF6D1}.Release|x64.ActiveCfg = Release|x64
		{3DE4DC17-09CA-4D17-8F41-55208E1AF6D1}.Release|x64.Build.0 = Release|x64
		{3DE4DC17-09CA-4D17-8F41-55208E1AF6D1}.Release|x86.ActiveCfg = Release|Win32
		{3DE4DC17-09CA-4D17-8F41-55208E1AF6D1}.Release|x86.Build.0 = Release|Win32
		{0EEF08DC-C7FF-4E09-844A-2933D3704E13}.Debug|x64.ActiveCfg = Debug|x64
		{0EEF08DC-C7FF-4E09-844A-2933D3704E13}.Debug|x64.Build.0 = Debug|x64
		{0EEF08DC-C7FF-4E09-844A-2933D3704E13}.Debug|x86.ActiveCfg = Debug|Win32
		{0EEF08DC-C7FF-4E09-844A-2933D3704E13}.Debug|x86.Build.0 = Debug|Win32
		{0EEF08DC-C7FF-4E09-844A-2933D3704E13}.Release|x64.ActiveCfg = Release|x64
		{0EEF08DC-C7FF-4E09-844A-2933D3704E13}.Release|x64.Build.0 = Release|x64
		{0EEF08DC-C7FF-4E09-844A-2933D3704E13}.Release|x86.ActiveCfg = Release|Win32
		{0EEF08DC-C7FF-4E09-844A-2933D3704E13}.Release|x86.Build.0 = Release|Win32
		{22021456-7C58-4007-B755-AFBD7F1F0B83}.Debug|x64.ActiveCfg = Debug|x64
		{22021456-7C58-4007-B755-AFBD7F1F0B83}.Debug|x64.Build.0 = Debug|x64
		{22021456-7C58-4007-B755-AFBD7F1F0B83}.Debug|x86.ActiveCfg = Debug|Win32
		{22021456-7C58-4007-B755-AFBD7F1F0B83}.Debug|x86.Build.0 = Debug|Win32
		{22021456-7C58-4007-B755-AFBD7F1F0B83}.Release|x64.ActiveCfg = Release|x64
		{22021456-7C58-4007-B755-AFBD7F1F0B83}.Release|x64.Build.0 = Release|x64
		{22021456-7C58-4007-B755-AFBD7F1F0B83}.Release|x86.ActiveCfg = Release|Win32
		{22021456-7C58-4007-B755-AFBD7F1F0B83}.Release|x86.Build.0 = Release|Win32
		{63FAD059-D0E7-4255-BE61-F25387B0D05B}.Debug|x64.ActiveCfg = Debug|x64
		{63FAD059-D0E7-4255-BE61-F25387B0D05B}.Debug|x64.Build.0 = Debug|x64
		{63FAD059-D0E7-4255-BE61-F25387B0D05B}.Debug|x86.ActiveCfg = Debug|Win32
		{63FAD059-D0E7-4255-BE61-F25387B0D05B}.Debug|x86.Build.0 = Debug|Win32
		{63FAD059-D0E7-4255-BE61-F25387B0D05B}.Release|x64.ActiveCfg = Release|x64
		{63FAD059-D0E7-4255-BE61-F25387B0D05B}.Release|x64.Build.0 = Release|x64
		{63FAD059-D0E7-4255-BE61-F25387B0D05B}.Release|x86.ActiveCfg = Release|Win32
		{63FAD059-D0E7-4255-BE61-F25387B0D05B}.Release|x86.Build.0 = Release|Win32
		{867E80A5-7948-4689-851F-4F67DF6777E2}.Debug|x64.ActiveCfg = Debug|x64
		{867E80A5-7948-4689-851F-4F67DF6777E2}.Debug|x64.Build.0 = Debug|x64
		{867E80A5-7948-4689-851F-4F67DF6777E2}.Debug|x86.ActiveCfg = Debug|Win32
		{867E80A5-7948-4689-851F-4F67DF6777E2}.Debug|x86.Build.0 = Debug|Win32
		{867E80A5-7948-4689-851F-4F67DF6777E2}.Release|x64.ActiveCfg = Release|x64
		{867E80A5-7948-4689-851F-4F67DF6777E2}.Release|x64.Build.0 = Release|x64
		{867E80A5-7948-4689-851F-4F67DF6777E2}.Release|x86.ActiveCfg = Release|Win32
		{867E80A5-7948-4689-851F-4F67DF6777E2}.Release|x86.Build.0 = Release|Win32
		{28ADCA69-C488-46C3-B419-B5AC65767507}.Debug|x64.ActiveCfg = Debug|x64
		{28ADCA69-C488-46C3-B419-B5AC65767507}.Debug|x64.Build.0 = Debug|x64
		{28ADCA69-C488-46C3-B419-B5AC65767507}.Debug|x86.ActiveCfg = Debug|Win32
		{28ADCA69-C488-46C3-B419-B5AC65767507}.Debug|x86.Build.0 = Debug|Win32
		{28ADCA69-C488-46C3-B419-B5AC65767507}.Release|x64.ActiveCfg = Release|x64
		{28ADCA69-C488-46C3-B419-B5AC65767507}.Release|x64.Build.0 = Release|x64
		{28ADCA69-C488-46C3-B419-B5AC65767507}.Release|x86.ActiveCfg = Release|Win32
		{28ADCA69-C488-46C3-B419-B5AC65767507}.Release|x86.Build.0 = Release|Win32
		{BAD94B16-1913-4388-909E-0D86B26E7F97}.Debug|x64.ActiveCfg = Debug|x64
		{BAD94B16-1913-4388-909E-0D86B26E7F97}.Debug|x64.Build.0 = Debug|x64
		{BAD94B16-1913-4388-909E-0D86B26E7F97}.Debug|x86.ActiveCfg = Debug|Win32
		{BAD94B16-1913-4388-909E-0D86B26E7F97}.Debug|x86.Build.0 = Debug|Win32
		{BAD94B16-1913-4388-909E-0D86B26E7F97}.Release|x64.ActiveCfg = Release|x64
		{BAD94B16-1913-4388-909E-0D86B26E7F97}.Release|x64.Build.0 = Release|x64
		{BAD94B16-1913-4388-909E-0D86B26E7F97}.Release|x86.ActiveCfg = Release|Win32
		{BAD94B16-1913-4388-909E-0D86B26E7F97}.Release|x86.Build.0 = Release|Win32
	EndGlobalSection
	GlobalSection(SolutionProperties) = preSolution
		HideSolutionNode = FALSE
	EndGlobalSection
	GlobalSection(ExtensibilityGlobals) = postSolution
		SolutionGuid = {D070E7C6-F284-453B-A8CA-D54DB270AA5F}
	EndGlobalSection
EndGlobal
